
Microsoft Visual Studio Solution File, Format Version 12.00
# Visual Studio 15
VisualStudioVersion = 15.0.28307.645
MinimumVisualStudioVersion = 10.0.40219.1
Project("{FAE04EC0-301F-11D3-BF4B-00C04F79EFBC}") = "FourBeauties", "FourBeauties\FourBeauties.csproj", "{297856D5-198F-435A-B6E0-B468BD5BB4D5}"
EndProject
Project("{FAE04EC0-301F-11D3-BF4B-00C04F79EFBC}") = "FourBeauties.Dao", "FourBeauties.Dao\FourBeauties.Dao.csproj", "{B411FD4B-EA40-40F7-8718-E9B6F6EEE64B}"
EndProject
Project("{FAE04EC0-301F-11D3-BF4B-00C04F79EFBC}") = "FourBeauties.Service", "FourBeauties.Service\FourBeauties.Service.csproj", "{038A7FB7-6D6F-4C93-9925-B033324A32B6}"
EndProject
Project("{9A19103F-16F7-4668-BE54-9A1E7A4F7556}") = "daoextend", "daoextend\daoextend.csproj", "{F5044129-0389-48BE-96E1-917F08108E93}"
EndProject
Project("{FAE04EC0-301F-11D3-BF4B-00C04F79EFBC}") = "FourBeauties.Domain", "FourBeauties.Domain\FourBeauties.Domain.csproj", "{CD77D52A-0071-4D83-AE7C-EFD59818BCA3}"
EndProject
Global
	GlobalSection(SolutionConfigurationPlatforms) = preSolution
		Debug|Any CPU = Debug|Any CPU
		Release|Any CPU = Release|Any CPU
	EndGlobalSection
	GlobalSection(ProjectConfigurationPlatforms) = postSolution
		{297856D5-198F-435A-B6E0-B468BD5BB4D5}.Debug|Any CPU.ActiveCfg = Debug|Any CPU
		{297856D5-198F-435A-B6E0-B468BD5BB4D5}.Debug|Any CPU.Build.0 = Debug|Any CPU
		{297856D5-198F-435A-B6E0-B468BD5BB4D5}.Release|Any CPU.ActiveCfg = Release|Any CPU
		{297856D5-198F-435A-B6E0-B468BD5BB4D5}.Release|Any CPU.Build.0 = Release|Any CPU
		{B411FD4B-EA40-40F7-8718-E9B6F6EEE64B}.Debug|Any CPU.ActiveCfg = Debug|Any CPU
		{B411FD4B-EA40-40F7-8718-E9B6F6EEE64B}.Debug|Any CPU.Build.0 = Debug|Any CPU
		{B411FD4B-EA40-40F7-8718-E9B6F6EEE64B}.Release|Any CPU.ActiveCfg = Release|Any CPU
		{B411FD4B-EA40-40F7-8718-E9B6F6EEE64B}.Release|Any CPU.Build.0 = Release|Any CPU
		{038A7FB7-6D6F-4C93-9925-B033324A32B6}.Debug|Any CPU.ActiveCfg = Debug|Any CPU
		{038A7FB7-6D6F-4C93-9925-B033324A32B6}.Debug|Any CPU.Build.0 = Debug|Any CPU
		{038A7FB7-6D6F-4C93-9925-B033324A32B6}.Release|Any CPU.ActiveCfg = Release|Any CPU
		{038A7FB7-6D6F-4C93-9925-B033324A32B6}.Release|Any CPU.Build.0 = Release|Any CPU
		{F5044129-0389-48BE-96E1-917F08108E93}.Debug|Any CPU.ActiveCfg = Debug|Any CPU
		{F5044129-0389-48BE-96E1-917F08108E93}.Debug|Any CPU.Build.0 = Debug|Any CPU
		{F5044129-0389-48BE-96E1-917F08108E93}.Release|Any CPU.ActiveCfg = Release|Any CPU
		{F5044129-0389-48BE-96E1-917F08108E93}.Release|Any CPU.Build.0 = Release|Any CPU
		{CD77D52A-0071-4D83-AE7C-EFD59818BCA3}.Debug|Any CPU.ActiveCfg = Debug|Any CPU
		{CD77D52A-0071-4D83-AE7C-EFD59818BCA3}.Debug|Any CPU.Build.0 = Debug|Any CPU
		{CD77D52A-0071-4D83-AE7C-EFD59818BCA3}.Release|Any CPU.ActiveCfg = Release|Any CPU
		{CD77D52A-0071-4D83-AE7C-EFD59818BCA3}.Release|Any CPU.Build.0 = Release|Any CPU
	EndGlobalSection
	GlobalSection(SolutionProperties) = preSolution
		HideSolutionNode = FALSE
	EndGlobalSection
	GlobalSection(ExtensibilityGlobals) = postSolution
		SolutionGuid = {6CF2F238-E57E-4A64-806F-CF2776CBC6BD}
	EndGlobalSection
EndGlobal
